{
  "nodes": {
    "auto-cpufreq": {
      "inputs": {
        "nixpkgs": "nixpkgs"
      },
      "locked": {
        "lastModified": 1780814819,
        "narHash": "sha256-tCqZRB4pvZlcz2cMi7mfvhFRsfdkbFMP67jGNciogmc=",
        "owner": "AdnanHodzic",
        "repo": "auto-cpufreq",
        "rev": "f325b2a221ab9adb5bb729a1e5d7a45aea686382",
        "type": "github"
      },
      "original": {
        "owner": "AdnanHodzic",
        "repo": "auto-cpufreq",
        "type": "github"
      }
    },
    "cachix": {
      "inputs": {
        "devenv": [
          "devenv"
        ],
        "flake-compat": [
          "devenv",
          "flake-compat"
        ],
        "git-hooks": [
          "devenv",
          "git-hooks"
        ],
        "nixpkgs": [
          "devenv",
          "nixpkgs"
        ]
      },
      "locked": {
        "lastModified": 1777487137,
        "narHash": "sha256-TuvKVBX60mqyMT6OB5JqVEh1YIWtFMR/igLCaCdC9tw=",
        "owner": "cachix",
        "repo": "cachix",
        "rev": "a66a440c321d35f7193472c317f42a55ccd1cb93",
        "type": "github"
      },
      "original": {
        "owner": "cachix",
        "ref": "latest",
        "repo": "cachix",
        "type": "github"
      }
    },
    "crane": {
      "locked": {
        "lastModified": 1780532242,
        "narHash": "sha256-D+BsdpxmtUwtqGoY0IXPhHgTlmqgcZKCEo1oMyn7ep0=",
        "owner": "ipetkov",
        "repo": "crane",
        "rev": "59a82a1222dd3b2080b5cc52a1a2e8d5f1b77f37",
        "type": "github"
      },
      "original": {
        "owner": "ipetkov",
        "repo": "crane",
        "type": "github"
      }
    },
    "crate2nix": {
      "flake": false,
      "locked": {
        "lastModified": 1772186516,
        "narHash": "sha256-8s28pzmQ6TOIUzznwFibtW1CMieMUl1rYJIxoQYor58=",
        "owner": "rossng",
        "repo": "crate2nix",
        "rev": "ba5dd398e31ee422fbe021767eb83b0650303a6e",
        "type": "github"
      },
      "original": {
        "owner": "rossng",
        "repo": "crate2nix",
        "rev": "ba5dd398e31ee422fbe021767eb83b0650303a6e",
        "type": "github"
      }
    },
    "devenv": {
      "inputs": {
        "cachix": "cachix",
        "crate2nix": "crate2nix",
        "flake-compat": "flake-compat",
        "flake-parts": "flake-parts",
        "ghostty": "ghostty",
        "git-hooks": "git-hooks",
        "nix": "nix",
        "nixd": "nixd",
        "nixpkgs": "nixpkgs_2",
        "rust-overlay": "rust-overlay"
      },
      "locked": {
        "lastModified": 1781800860,
        "narHash": "sha256-LrEo0eC5ckMvjpBRCuk5q5/vjItKlxnb4n/clHNRZlk=",
        "owner": "cachix",
        "repo": "devenv",
        "rev": "d59d872d80876d9eeb3e214d3b088bc4a14a9c4f",
        "type": "github"
      },
      "original": {
        "owner": "cachix",
        "repo": "devenv",
        "type": "github"
      }
    },
    "disko": {
      "inputs": {
        "nixpkgs": [
          "nixpkgs"
        ]
      },
      "locked": {
        "lastModified": 1781152676,
        "narHash": "sha256-RxWs5ND31KzTG7wvMM+PMfUjyNpmIEr999lqNARaM5o=",
        "owner": "nix-community",
        "repo": "disko",
        "rev": "ff8702b4de27f72b4c78573dfb89ec74e36abdf1",
        "type": "github"
      },
      "original": {
        "owner": "nix-community",
        "repo": "disko",
        "type": "github"
      }
    },
    "firefox-addons": {
      "inputs": {
        "nixpkgs": [
          "nixpkgs"
        ]
      },
      "locked": {
        "dir": "pkgs/firefox-addons",
        "lastModified": 1781841769,
        "narHash": "sha256-dIlPHpzUDQ5sBGnFcJT5mIf33XRDQlYFFv/eRwMIdTY=",
        "owner": "rycee",
        "repo": "nur-expressions",
        "rev": "6e7834af2d2c21a63f55ff2f0355ed0f718082b5",
        "type": "gitlab"
      },
      "original": {
        "dir": "pkgs/firefox-addons",
        "owner": "rycee",
        "repo": "nur-expressions",
        "type": "gitlab"
      }
    },
    "flake-compat": {
      "flake": false,
      "locked": {
        "lastModified": 1767039857,
        "narHash": "sha256-vNpUSpF5Nuw8xvDLj2KCwwksIbjua2LZCqhV1LNRDns=",
        "owner": "edolstra",
        "repo": "flake-compat",
        "rev": "5edf11c44bc78a0d334f6334cdaf7d60d732daab",
        "type": "github"
      },
      "original": {
        "owner": "edolstra",
        "repo": "flake-compat",
        "type": "github"
      }
    },
    "flake-compat_2": {
      "flake": false,
      "locked": {
        "lastModified": 1767039857,
        "narHash": "sha256-vNpUSpF5Nuw8xvDLj2KCwwksIbjua2LZCqhV1LNRDns=",
        "owner": "NixOS",
        "repo": "flake-compat",
        "rev": "5edf11c44bc78a0d334f6334cdaf7d60d732daab",
        "type": "github"
      },
      "original": {
        "owner": "NixOS",
        "repo": "flake-compat",
        "type": "github"
      }
    },
    "flake-parts": {
      "inputs": {
        "nixpkgs-lib": [
          "devenv",
          "nixpkgs"
        ]
      },
      "locked": {
        "lastModified": 1778716662,
        "narHash": "sha256-m1Yf0wZ8j1OHjTc2UwHwyQRSnNeSgLJOd7q5Y45hzi4=",
        "owner": "hercules-ci",
        "repo": "flake-parts",
        "rev": "f7c1a2d347e4c52d5fb8d10cb4d94b5884e546fb",
        "type": "github"
      },
      "original": {
        "owner": "hercules-ci",
        "repo": "flake-parts",
        "type": "github"
      }
    },
    "flake-parts_2": {
      "inputs": {
        "nixpkgs-lib": [
          "nixvim",
          "nixpkgs"
        ]
      },
      "locked": {
        "lastModified": 1778716662,
        "narHash": "sha256-m1Yf0wZ8j1OHjTc2UwHwyQRSnNeSgLJOd7q5Y45hzi4=",
        "owner": "hercules-ci",
        "repo": "flake-parts",
        "rev": "f7c1a2d347e4c52d5fb8d10cb4d94b5884e546fb",
        "type": "github"
      },
      "original": {
        "owner": "hercules-ci",
        "repo": "flake-parts",
        "type": "github"
      }
    },
    "ghostty": {
      "flake": false,
      "locked": {
        "lastModified": 1779069789,
        "narHash": "sha256-ojo+gso45/6CVSuqfSVnlWpQ4d0QeLgwok+v/g3yu0E=",
        "owner": "ghostty-org",
        "repo": "ghostty",
        "rev": "4b7bf0b20e3baf9c1ba10c63f2ad1fd853faea8f",
        "type": "github"
      },
      "original": {
        "owner": "ghostty-org",
        "repo": "ghostty",
        "type": "github"
      }
    },
    "git-hooks": {
      "inputs": {
        "flake-compat": [
          "devenv",
          "flake-compat"
        ],
        "gitignore": "gitignore",
        "nixpkgs": [
          "devenv",
          "nixpkgs"
        ]
      },
      "locked": {
        "lastModified": 1778507602,
        "narHash": "sha256-kTwur1wV+01SdqskVMSo6JMEpg71ps3HpbFY2GsflKs=",
        "owner": "cachix",
        "repo": "git-hooks.nix",
        "rev": "61ab0e80d9c7ab14c256b5b453d8b3fb0189ba0a",
        "type": "github"
      },
      "original": {
        "owner": "cachix",
        "repo": "git-hooks.nix",
        "type": "github"
      }
    },
    "gitignore": {
      "inputs": {
        "nixpkgs": [
          "devenv",
          "git-hooks",
          "nixpkgs"
        ]
      },
      "locked": {
        "lastModified": 1709087332,
        "narHash": "sha256-HG2cCnktfHsKV0s4XW83gU3F57gaTljL9KNSuG6bnQs=",
        "owner": "hercules-ci",
        "repo": "gitignore.nix",
        "rev": "637db329424fd7e46cf4185293b9cc8c88c95394",
        "type": "github"
      },
      "original": {
        "owner": "hercules-ci",
        "repo": "gitignore.nix",
        "type": "github"
      }
    },
    "gitignore_2": {
      "inputs": {
        "nixpkgs": [
          "lanzaboote",
          "pre-commit",
          "nixpkgs"
        ]
      },
      "locked": {
        "lastModified": 1709087332,
        "narHash": "sha256-HG2cCnktfHsKV0s4XW83gU3F57gaTljL9KNSuG6bnQs=",
        "owner": "hercules-ci",
        "repo": "gitignore.nix",
        "rev": "637db329424fd7e46cf4185293b9cc8c88c95394",
        "type": "github"
      },
      "original": {
        "owner": "hercules-ci",
        "repo": "gitignore.nix",
        "type": "github"
      }
    },
    "home-manager": {
      "inputs": {
        "nixpkgs": [
          "nixpkgs"
        ]
      },
      "locked": {
        "lastModified": 1781882024,
        "narHash": "sha256-LzauhIDNNjzXlMKceOHlxUz3wiWSYR6mMD4Mun79+eE=",
        "owner": "nix-community",
        "repo": "home-manager",
        "rev": "55730a2e34e71fafaf9b95eab98fb7b062b5f194",
        "type": "github"
      },
      "original": {
        "owner": "nix-community",
        "repo": "home-manager",
        "type": "github"
      }
    },
    "lanzaboote": {
      "inputs": {
        "crane": "crane",
        "nixpkgs": [
          "nixpkgs"
        ],
        "pre-commit": "pre-commit",
        "rust-overlay": "rust-overlay_2"
      },
      "locked": {
        "lastModified": 1781181476,
        "narHash": "sha256-4JLkQvN7/f77TyxXXtoEuUfovMqMLOgWpBaLMNX1dns=",
        "owner": "nix-community",
        "repo": "lanzaboote",
        "rev": "0403b4b7e8b2612657f0053a4c315e6c43eee9e6",
        "type": "github"
      },
      "original": {
        "owner": "nix-community",
        "repo": "lanzaboote",
        "rev": "0403b4b7e8b2612657f0053a4c315e6c43eee9e6",
        "type": "github"
      }
    },
    "nix": {
      "inputs": {
        "flake-compat": [
          "devenv",
          "flake-compat"
        ],
        "flake-parts": [
          "devenv",
          "flake-parts"
        ],
        "git-hooks-nix": [
          "devenv",
          "git-hooks"
        ],
        "nixpkgs": [
          "devenv",
          "nixpkgs"
        ],
        "nixpkgs-23-11": [
          "devenv"
        ],
        "nixpkgs-regression": [
          "devenv"
        ]
      },
      "locked": {
        "lastModified": 1779748925,
        "narHash": "sha256-meIhqGC04O5VXbKSFXSQoOKp+XCq5RMnwAk1Guo0VQo=",
        "owner": "cachix",
        "repo": "nix",
        "rev": "0bc443c8ff235c3547d09327b48aaa2ab98b15f2",
        "type": "github"
      },
      "original": {
        "owner": "cachix",
        "ref": "devenv-2.34",
        "repo": "nix",
        "type": "github"
      }
    },
    "nix-index-database": {
      "inputs": {
        "nixpkgs": [
          "nixpkgs"
        ]
      },
      "locked": {
        "lastModified": 1781422160,
        "narHash": "sha256-W7S8O86bVrw2gaomEwkHStOzmPpnFIHQ6lS4Q2HffJ0=",
        "owner": "nix-community",
        "repo": "nix-index-database",
        "rev": "854d04e2368fb2e9c328a36b3c0a04cd713bfae1",
        "type": "github"
      },
      "original": {
        "owner": "nix-community",
        "repo": "nix-index-database",
        "type": "github"
      }
    },
    "nix4vscode": {
      "inputs": {
        "nixpkgs": [
          "nixpkgs"
        ],
        "systems": "systems"
      },
      "locked": {
        "lastModified": 1781845574,
        "narHash": "sha256-4FTZru3TCW+lgSSqBtXHsLaJrfYOaUR61RK+Zf9rsi8=",
        "owner": "nix-community",
        "repo": "nix4vscode",
        "rev": "770d1d7641549050f09db1b897be07b32ecaf4a8",
        "type": "github"
      },
      "original": {
        "owner": "nix-community",
        "repo": "nix4vscode",
        "type": "github"
      }
    },
    "nixd": {
      "inputs": {
        "flake-parts": [
          "devenv",
          "flake-parts"
        ],
        "nixpkgs": [
          "devenv",
          "nixpkgs"
        ],
        "treefmt-nix": "treefmt-nix"
      },
      "locked": {
        "lastModified": 1778381404,
        "narHash": "sha256-FqhdOTA8vyoIpkHhbs2cCT7h6EWM7nsLeOYJc1ifQLE=",
        "owner": "nix-community",
        "repo": "nixd",
        "rev": "e3e45eb76663f522e196b7f0cf34cab201db7779",
        "type": "github"
      },
      "original": {
        "owner": "nix-community",
        "repo": "nixd",
        "type": "github"
      }
    },
    "nixpkgs": {
      "locked": {
        "lastModified": 1757967192,
        "narHash": "sha256-/aA9A/OBmnuOMgwfzdsXRusqzUpd8rQnQY8jtrHK+To=",
        "owner": "NixOS",
        "repo": "nixpkgs",
        "rev": "0d7c15863b251a7a50265e57c1dca1a7add2e291",
        "type": "github"
      },
      "original": {
        "owner": "NixOS",
        "ref": "nixpkgs-unstable",
        "repo": "nixpkgs",
        "type": "github"
      }
    },
    "nixpkgs-devenv": {
      "inputs": {
        "nixpkgs-src": "nixpkgs-src_2"
      },
      "locked": {
        "lastModified": 1781620901,
        "narHash": "sha256-UF6scQlG+6lRkZBUpn/3KNavhOo5G8kDWhjVHcno8uc=",
        "owner": "cachix",
        "repo": "devenv-nixpkgs",
        "rev": "2df109b343d3c68efd752e32a444a1d9b9f89afa",
        "type": "github"
      },
      "original": {
        "owner": "cachix",
        "ref": "rolling",
        "repo": "devenv-nixpkgs",
        "type": "github"
      }
    },
    "nixpkgs-legacy": {
      "locked": {
        "lastModified": 1735563628,
        "narHash": "sha256-OnSAY7XDSx7CtDoqNh8jwVwh4xNL/2HaJxGjryLWzX8=",
        "owner": "NixOS",
        "repo": "nixpkgs",
        "rev": "b134951a4c9f3c995fd7be05f3243f8ecd65d798",
        "type": "github"
      },
      "original": {
        "owner": "NixOS",
        "ref": "nixos-24.05",
        "repo": "nixpkgs",
        "type": "github"
      }
    },
    "nixpkgs-src": {
      "flake": false,
      "locked": {
        "lastModified": 1778274207,
        "narHash": "sha256-I4puXmX1iovcCHZlRmztO3vW0mAbbRvq4F8wgIMQ1MM=",
        "owner": "NixOS",
        "repo": "nixpkgs",
        "rev": "b3da656039dc7a6240f27b2ef8cc6a3ef3bccae7",
        "type": "github"
      },
      "original": {
        "owner": "NixOS",
        "ref": "nixpkgs-unstable",
        "repo": "nixpkgs",
        "type": "github"
      }
    },
    "nixpkgs-src_2": {
      "flake": false,
      "locked": {
        "lastModified": 1781454065,
        "narHash": "sha256-d2xfDjnfRuf/xYGdu9VVRHiav/2w5hDL/5cw2TuVAXw=",
        "owner": "NixOS",
        "repo": "nixpkgs",
        "rev": "9eac87a12312b8f60dd52e1c6e1a265f6fc7f5fc",
        "type": "github"
      },
      "original": {
        "owner": "NixOS",
        "ref": "nixpkgs-unstable",
        "repo": "nixpkgs",
        "type": "github"
      }
    },
    "nixpkgs_2": {
      "inputs": {
        "nixpkgs-src": "nixpkgs-src"
      },
      "locked": {
        "lastModified": 1778507786,
        "narHash": "sha256-HzSQCKMsMr8r55LwM1JuzIOB+8bzk0FEv6sItKvsfoY=",
        "owner": "cachix",
        "repo": "devenv-nixpkgs",
        "rev": "8f24a228a782e24576b155d1e39f0d914b380691",
        "type": "github"
      },
      "original": {
        "owner": "cachix",
        "ref": "rolling",
        "repo": "devenv-nixpkgs",
        "type": "github"
      }
    },
    "nixpkgs_3": {
      "locked": {
        "lastModified": 1781577229,
        "narHash": "sha256-lrp67w8AulE9Ks53n27I45ADSzbOCn4H+CNW1Ck8B+8=",
        "owner": "NixOS",
        "repo": "nixpkgs",
        "rev": "567a49d1913ce81ac6e9582e3553dd90a955875f",
        "type": "github"
      },
      "original": {
        "owner": "NixOS",
        "ref": "nixos-unstable",
        "repo": "nixpkgs",
        "type": "github"
      }
    },
    "nixpkgs_4": {
      "locked": {
        "lastModified": 1781607440,
        "narHash": "sha256-rxO+uc/KFbSJp+pgyXRuAX6QlG9hJdnt0BXpEQRXY+U=",
        "owner": "NixOS",
        "repo": "nixpkgs",
        "rev": "3e41b24abd260e8f71dbe2f5737d24122f972158",
        "type": "github"
      },
      "original": {
        "owner": "NixOS",
        "ref": "nixpkgs-unstable",
        "repo": "nixpkgs",
        "type": "github"
      }
    },
    "nixvim": {
      "inputs": {
        "flake-parts": "flake-parts_2",
        "nixpkgs": "nixpkgs_4",
        "systems": "systems_2"
      },
      "locked": {
        "lastModified": 1781882541,
        "narHash": "sha256-igr+Fm+ZXBBeT2UbNTV6zDf21D3O2OA1r0Y0WkT4NMw=",
        "owner": "nix-community",
        "repo": "nixvim",
        "rev": "d31c8c9895d269e87f1ae83310b0e8bf9b5e7e78",
        "type": "github"
      },
      "original": {
        "owner": "nix-community",
        "repo": "nixvim",
        "type": "github"
      }
    },
    "pre-commit": {
      "inputs": {
        "flake-compat": "flake-compat_2",
        "gitignore": "gitignore_2",
        "nixpkgs": [
          "lanzaboote",
          "nixpkgs"
        ]
      },
      "locked": {
        "lastModified": 1778507602,
        "narHash": "sha256-kTwur1wV+01SdqskVMSo6JMEpg71ps3HpbFY2GsflKs=",
        "owner": "cachix",
        "repo": "pre-commit-hooks.nix",
        "rev": "61ab0e80d9c7ab14c256b5b453d8b3fb0189ba0a",
        "type": "github"
      },
      "original": {
        "owner": "cachix",
        "repo": "pre-commit-hooks.nix",
        "type": "github"
      }
    },
    "root": {
      "inputs": {
        "auto-cpufreq": "auto-cpufreq",
        "devenv": "devenv",
        "disko": "disko",
        "firefox-addons": "firefox-addons",
        "home-manager": "home-manager",
        "lanzaboote": "lanzaboote",
        "nix-index-database": "nix-index-database",
        "nix4vscode": "nix4vscode",
        "nixpkgs": "nixpkgs_3",
        "nixpkgs-devenv": "nixpkgs-devenv",
        "nixpkgs-legacy": "nixpkgs-legacy",
        "nixvim": "nixvim"
      }
    },
    "rust-overlay": {
      "inputs": {
        "nixpkgs": [
          "devenv",
          "nixpkgs"
        ]
      },
      "locked": {
        "lastModified": 1779074409,
        "narHash": "sha256-6aXy8Ga41iLVM8ibddFU1O5+wYWcBGNEfZzZuL91eIc=",
        "owner": "oxalica",
        "repo": "rust-overlay",
        "rev": "2a77b5b1dc952f214e8102acdef1622b68515560",
        "type": "github"
      },
      "original": {
        "owner": "oxalica",
        "repo": "rust-overlay",
        "type": "github"
      }
    },
    "rust-overlay_2": {
      "inputs": {
        "nixpkgs": [
          "lanzaboote",
          "nixpkgs"
        ]
      },
      "locked": {
        "lastModified": 1780802404,
        "narHash": "sha256-bGtIUeLb0yChX4h6hB40OOCwcYhcpQZHXSDvZGdWgeM=",
        "owner": "oxalica",
        "repo": "rust-overlay",
        "rev": "8e596a8430f2ce54d55c742198187d6945a5501e",
        "type": "github"
      },
      "original": {
        "owner": "oxalica",
        "repo": "rust-overlay",
        "type": "github"
      }
    },
    "systems": {
      "flake": false,
      "locked": {
        "lastModified": 1681028828,
        "narHash": "sha256-Vy1rq5AaRuLzOxct8nz4T6wlgyUR7zLU309k9mBC768=",
        "owner": "nix-systems",
        "repo": "default",
        "rev": "da67096a3b9bf56a91d16901293e51ba5b49a27e",
        "type": "github"
      },
      "original": {
        "owner": "nix-systems",
        "repo": "default",
        "type": "github"
      }
    },
    "systems_2": {
      "locked": {
        "lastModified": 1774449309,
        "narHash": "sha256-brhZ8DmuGtzkCYHJg4HEd602amKm89Y9ytsFZ5uWD1w=",
        "owner": "nix-systems",
        "repo": "default",
        "rev": "c29398b59d2048c4ab79345812849c9bd15e9150",
        "type": "github"
      },
      "original": {
        "owner": "nix-systems",
        "ref": "future-26.11",
        "repo": "default",
        "type": "github"
      }
    },
    "treefmt-nix": {
      "inputs": {
        "nixpkgs": [
          "devenv",
          "nixd",
          "nixpkgs"
        ]
      },
      "locked": {
        "lastModified": 1775636079,
        "narHash": "sha256-pc20NRoMdiar8oPQceQT47UUZMBTiMdUuWrYu2obUP0=",
        "owner": "numtide",
        "repo": "treefmt-nix",
        "rev": "790751ff7fd3801feeaf96d7dc416a8d581265ba",
        "type": "github"
      },
      "original": {
        "owner": "numtide",
        "repo": "treefmt-nix",
        "type": "github"
      }
    }
  },
  "root": "root",
  "version": 7
}
